// !$*UTF8*$!
{
	archiveVersion = 1;
	classes = {
	};
	objectVersion = 46;
	objects = {

/* Begin PBXBuildFile section */
		CCE638AB1D09BD66007E97EC /* AppDelegate.swift in Sources */ = {isa = PBXBuildFile; fileRef = CCE638AA1D09BD66007E97EC /* AppDelegate.swift */; };
		CCE638AD1D09BD66007E97EC /* ViewController.swift in Sources */ = {isa = PBXBuildFile; fileRef = CCE638AC1D09BD66007E97EC /* ViewController.swift */; };
		CCE638B01D09BD66007E97EC /* Main.storyboard in Resources */ = {isa = PBXBuildFile; fileRef = CCE638AE1D09BD66007E97EC /* Main.storyboard */; };
		CCE638B21D09BD66007E97EC /* Assets.xcassets in Resources */ = {isa = PBXBuildFile; fileRef = CCE638B11D09BD66007E97EC /* Assets.xcassets */; };
		CCE638B51D09BD66007E97EC /* LaunchScreen.storyboard in Resources */ = {isa = PBXBuildFile; fileRef = CCE638B31D09BD66007E97EC /* LaunchScreen.storyboard */; };
		CCE638BD1D09BD76007E97EC /* NetworkController.swift in Sources */ = {isa = PBXBuildFile; fileRef = CCE638BC1D09BD76007E97EC /* NetworkController.swift */; };
		CCE638BF1D09BDE2007E97EC /* Starwars.swift in Sources */ = {isa = PBXBuildFile; fileRef = CCE638BE1D09BDE2007E97EC /* Starwars.swift */; };
		CCE638C11D09BDF6007E97EC /* StarwarsController.swift in Sources */ = {isa = PBXBuildFile; fileRef = CCE638C01D09BDF6007E97EC /* StarwarsController.swift */; };
		CCE638C51D09C324007E97EC /* StarwarsTableViewController.swift in Sources */ = {isa = PBXBuildFile; fileRef = CCE638C41D09C324007E97EC /* StarwarsTableViewController.swift */; };
/* End PBXBuildFile section */

/* Begin PBXFileReference section */
		CCE638A71D09BD66007E97EC /* Starwars Api.app */ = {isa = PBXFileReference; explicitFileType = wrapper.application; includeInIndex = 0; path = "Starwars Api.app"; sourceTree = BUILT_PRODUCTS_DIR; };
		CCE638AA1D09BD66007E97EC /* AppDelegate.swift */ = {isa = PBXFileReference; lastKnownFileType = sourcecode.swift; path = AppDelegate.swift; sourceTree = "<group>"; };
		CCE638AC1D09BD66007E97EC /* ViewController.swift */ = {isa = PBXFileReference; lastKnownFileType = sourcecode.swift; path = ViewController.swift; sourceTree = "<group>"; };
		CCE638AF1D09BD66007E97EC /* Base */ = {isa = PBXFileReference; lastKnownFileType = file.storyboard; name = Base; path = Base.lproj/Main.storyboard; sourceTree = "<group>"; };
		CCE638B11D09BD66007E97EC /* Assets.xcassets */ = {isa = PBXFileReference; lastKnownFileType = folder.assetcatalog; path = Assets.xcassets; sourceTree = "<group>"; };
		CCE638B41D09BD66007E97EC /* Base */ = {isa = PBXFileReference; lastKnownFileType = file.storyboard; name = Base; path = Base.lproj/LaunchScreen.storyboard; sourceTree = "<group>"; };
		CCE638B61D09BD66007E97EC /* Info.plist */ = {isa = PBXFileReference; lastKnownFileType = text.plist.xml; path = Info.plist; sourceTree = "<group>"; };
		CCE638BC1D09BD76007E97EC /* NetworkController.swift */ = {isa = PBXFileReference; fileEncoding = 4; lastKnownFileType = sourcecode.swift; path = NetworkController.swift; sourceTree = "<group>"; };
		CCE638BE1D09BDE2007E97EC /* Starwars.swift */ = {isa = PBXFileReference; fileEncoding = 4; lastKnownFileType = sourcecode.swift; path = Starwars.swift; sourceTree = "<group>"; };
		CCE638C01D09BDF6007E97EC /* StarwarsController.swift */ = {isa = PBXFileReference; fileEncoding = 4; lastKnownFileType = sourcecode.swift; path = StarwarsController.swift; sourceTree = "<group>"; };
		CCE638C41D09C324007E97EC /* StarwarsTableViewController.swift */ = {isa = PBXFileReference; fileEncoding = 4; lastKnownFileType = sourcecode.swift; path = StarwarsTableViewController.swift; sourceTree = "<group>"; };
/* End PBXFileReference section */

/* Begin PBXFrameworksBuildPhase section */
		CCE638A41D09BD66007E97EC /* Frameworks */ = {
			isa = PBXFrameworksBuildPhase;
			buildActionMask = 2147483647;
			files = (
			);
			runOnlyForDeploymentPostprocessing = 0;
		};
/* End PBXFrameworksBuildPhase section */

/* Begin PBXGroup section */
		CCE6389E1D09BD66007E97EC = {
			isa = PBXGroup;
			children = (
				CCE638A91D09BD66007E97EC /* Starwars Api */,
				CCE638A81D09BD66007E97EC /* Products */,
			);
			sourceTree = "<group>";
		};
		CCE638A81D09BD66007E97EC /* Products */ = {
			isa = PBXGroup;
			children = (
				CCE638A71D09BD66007E97EC /* Starwars Api.app */,
			);
			name = Products;
			sourceTree = "<group>";
		};
		CCE638A91D09BD66007E97EC /* Starwars Api */ = {
			isa = PBXGroup;
			children = (
				CCE638AA1D09BD66007E97EC /* AppDelegate.swift */,
				CCE638BC1D09BD76007E97EC /* NetworkController.swift */,
				CCE638BE1D09BDE2007E97EC /* Starwars.swift */,
				CCE638C01D09BDF6007E97EC /* StarwarsController.swift */,
				CCE638AC1D09BD66007E97EC /* ViewController.swift */,
				CCE638C41D09C324007E97EC /* StarwarsTableViewController.swift */,
				CCE638AE1D09BD66007E97EC /* Main.storyboard */,
				CCE638B11D09BD66007E97EC /* Assets.xcassets */,
				CCE638B31D09BD66007E97EC /* LaunchScreen.storyboard */,
				CCE638B61D09BD66007E97EC /* Info.plist */,
			);
			path = "Starwars Api";
			sourceTree = "<group>";
		};
/* End PBXGroup section */

/* Begin PBXNativeTarget section */
		CCE638A61D09BD66007E97EC /* Starwars Api */ = {
			isa = PBXNativeTarget;
			buildConfigurationList = CCE638B91D09BD66007E97EC /* Build configuration list for PBXNativeTarget "Starwars Api" */;
			buildPhases = (
				CCE638A31D09BD66007E97EC /* Sources */,
				CCE638A41D09BD66007E97EC /* Frameworks */,
				CCE638A51D09BD66007E97EC /* Resources */,
			);
			buildRules = (
			);
			dependencies = (
			);
			name = "Starwars Api";
			productName = "Starwars Api";
			productReference = CCE638A71D09BD66007E97EC /* Starwars Api.app */;
			productType = "com.apple.product-type.application";
		};
/* End PBXNativeTarget section */

/* Begin PBXProject section */
		CCE6389F1D09BD66007E97EC /* Project object */ = {
			isa = PBXProject;
			attributes = {
				LastSwiftUpdateCheck = 0730;
				LastUpgradeCheck = 0730;
				ORGANIZATIONNAME = "Eva Bresciano";
				TargetAttributes = {
					CCE638A61D09BD66007E97EC = {
						CreatedOnToolsVersion = 7.3;
						DevelopmentTeam = WP96JMRW5V;
					};
				};
			};
			buildConfigurationList = CCE638A21D09BD66007E97EC /* Build configuration list for PBXProject "Starwars Api" */;
			compatibilityVersion = "Xcode 3.2";
			developmentRegion = English;
			hasScannedForEncodings = 0;
			knownRegions = (
				en,
				Base,
			);
			mainGroup = CCE6389E1D09BD66007E97EC;
			productRefGroup = CCE638A81D09BD66007E97EC /* Products */;
			projectDirPath = "";
			projectRoot = "";
			targets = (
				CCE638A61D09BD66007E97EC /* Starwars Api */,
			);
		};
/* End PBXProject section */

/* Begin PBXResourcesBuildPhase section */
		CCE638A51D09BD66007E97EC /* Resources */ = {
			isa = PBXResourcesBuildPhase;
			buildActionMask = 2147483647;
			files = (
				CCE638B51D09BD66007E97EC /* LaunchScreen.storyboard in Resources */,
				CCE638B21D09BD66007E97EC /* Assets.xcassets in Resources */,
				CCE638B01D09BD66007E97EC /* Main.storyboard in Resources */,
			);
			runOnlyForDeploymentPostprocessing = 0;
		};
/* End PBXResourcesBuildPhase section */

/* Begin PBXSourcesBuildPhase section */
		CCE638A31D09BD66007E97EC /* Sources */ = {
			isa = PBXSourcesBuildPhase;
			buildActionMask = 2147483647;
			files = (
				CCE638C51D09C324007E97EC /* StarwarsTableViewController.swift in Sources */,
				CCE638BF1D09BDE2007E97EC /* Starwars.swift in Sources */,
				CCE638AD1D09BD66007E97EC /* ViewController.swift in Sources */,
				CCE638C11D09BDF6007E97EC /* StarwarsController.swift in Sources */,
				CCE638AB1D09BD66007E97EC /* AppDelegate.swift in Sources */,
				CCE638BD1D09BD76007E97EC /* NetworkController.swift in Sources */,
			);
			runOnlyForDeploymentPostprocessing = 0;
		};
/* End PBXSourcesBuildPhase section */

/* Begin PBXVariantGroup section */
		CCE638AE1D09BD66007E97EC /* Main.storyboard */ = {
			isa = PBXVariantGroup;
			children = (
				CCE638AF1D09BD66007E97EC /* Base */,
			);
			name = Main.storyboard;
			sourceTree = "<group>";
		};
		CCE638B31D09BD66007E97EC /* LaunchScreen.storyboard */ = {
			isa = PBXVariantGroup;
			children = (
				CCE638B41D09BD66007E97EC /* Base */,
			);
			name = LaunchScreen.storyboard;
			sourceTree = "<group>";
		};
/* End PBXVariantGroup section */

/* Begin XCBuildConfiguration section */
		CCE638B71D09BD66007E97EC /* Debug */ = {
			isa = XCBuildConfiguration;
			buildSettings = {
				ALWAYS_SEARCH_USER_PATHS = NO;
				CLANG_ANALYZER_NONNULL = YES;
				CLANG_CXX_LANGUAGE_STANDARD = "gnu++0x";
				CLANG_CXX_LIBRARY = "libc++";
				CLANG_ENABLE_MODULES = YES;
				CLANG_ENABLE_OBJC_ARC = YES;
				CLANG_WARN_BOOL_CONVERSION = YES;
				CLANG_WARN_CONSTANT_CONVERSION = YES;
				CLANG_WARN_DIRECT_OBJC_ISA_USAGE = YES_ERROR;
				CLANG_WARN_EMPTY_BODY = YES;
				CLANG_WARN_ENUM_CONVERSION = YES;
				CLANG_WARN_INT_CONVERSION = YES;
				CLANG_WARN_OBJC_ROOT_CLASS = YES_ERROR;
				CLANG_WARN_UNREACHABLE_CODE = YES;
				CLANG_WARN__DUPLICATE_METHOD_MATCH = YES;
				"CODE_SIGN_IDENTITY[sdk=iphoneos*]" = "iPhone Developer";
				COPY_PHASE_STRIP = NO;
				DEBUG_INFORMATION_FORMAT = dwarf;
				ENABLE_STRICT_OBJC_MSGSEND = YES;
				ENABLE_TESTABILITY = YES;
				GCC_C_LANGUAGE_STANDARD = gnu99;
				GCC_DYNAMIC_NO_PIC = NO;
				GCC_NO_COMMON_BLOCKS = YES;
				GCC_OPTIMIZATION_LEVEL = 0;
				GCC_PREPROCESSOR_DEFINITIONS = (
					"DEBUG=1",
					"$(inherited)",
				);
				GCC_WARN_64_TO_32_BIT_CONVERSION = YES;
				GCC_WARN_ABOUT_RETURN_TYPE = YES_ERROR;
				GCC_WARN_UNDECLARED_SELECTOR = YES;
				GCC_WARN_UNINITIALIZED_AUTOS = YES_AGGRESSIVE;
				GCC_WARN_UNUSED_FUNCTION = YES;
				GCC_WARN_UNUSED_VARIABLE = YES;
				IPHONEOS_DEPLOYMENT_TARGET = 9.3;
				MTL_ENABLE_DEBUG_INFO = YES;
				ONLY_ACTIVE_ARCH = YES;
				SDKROOT = iphoneos;
				SWIFT_OPTIMIZATION_LEVEL = "-Onone";
				TARGETED_DEVICE_FAMILY = "1,2";
			};
			name = Debug;
		};
		CCE638B81D09BD66007E97EC /* Release */ = {
			isa = XCBuildConfiguration;
			buildSettings = {
				ALWAYS_SEARCH_USER_PATHS = NO;
				CLANG_ANALYZER_NONNULL = YES;
				CLANG_CXX_LANGUAGE_STANDARD = "gnu++0x";
				CLANG_CXX_LIBRARY = "libc++";
				CLANG_ENABLE_MODULES = YES;
				CLANG_ENABLE_OBJC_ARC = YES;
				CLANG_WARN_BOOL_CONVERSION = YES;
				CLANG_WARN_CONSTANT_CONVERSION = YES;
				CLANG_WARN_DIRECT_OBJC_ISA_USAGE = YES_ERROR;
				CLANG_WARN_EMPTY_BODY = YES;
				CLANG_WARN_ENUM_CONVERSION = YES;
				CLANG_WARN_INT_CONVERSION = YES;
				CLANG_WARN_OBJC_ROOT_CLASS = YES_ERROR;
				CLANG_WARN_UNREACHABLE_CODE = YES;
				CLANG_WARN__DUPLICATE_METHOD_MATCH = YES;
				"CODE_SIGN_IDENTITY[sdk=iphoneos*]" = "iPhone Developer";
				COPY_PHASE_STRIP = NO;
				DEBUG_INFORMATION_FORMAT = "dwarf-with-dsym";
				ENABLE_NS_ASSERTIONS = NO;
				ENABLE_STRICT_OBJC_MSGSEND = YES;
				GCC_C_LANGUAGE_STANDARD = gnu99;
				GCC_NO_COMMON_BLOCKS = YES;
				GCC_WARN_64_TO_32_BIT_CONVERSION = YES;
				GCC_WARN_ABOUT_RETURN_TYPE = YES_ERROR;
				GCC_WARN_UNDECLARED_SELECTOR = YES;
				GCC_WARN_UNINITIALIZED_AUTOS = YES_AGGRESSIVE;
				GCC_WARN_UNUSED_FUNCTION = YES;
				GCC_WARN_UNUSED_VARIABLE = YES;
				IPHONEOS_DEPLOYMENT_TARGET = 9.3;
				MTL_ENABLE_DEBUG_INFO = NO;
				SDKROOT = iphoneos;
				TARGETED_DEVICE_FAMILY = "1,2";
				VALIDATE_PRODUCT = YES;
			};
			name = Release;
		};
		CCE638BA1D09BD66007E97EC /* Debug */ = {
			isa = XCBuildConfiguration;
			buildSettings = {
				ASSETCATALOG_COMPILER_APPICON_NAME = AppIcon;
				INFOPLIST_FILE = "Starwars Api/Info.plist";
				LD_RUNPATH_SEARCH_PATHS = "$(inherited) @executable_path/Frameworks";
				PRODUCT_BUNDLE_IDENTIFIER = "com.example..Starwars-Api";
				PRODUCT_NAME = "$(TARGET_NAME)";
			};
			name = Debug;
		};
		CCE638BB1D09BD66007E97EC /* Release */ = {
			isa = XCBuildConfiguration;
			buildSettings = {
				ASSETCATALOG_COMPILER_APPICON_NAME = AppIcon;
				INFOPLIST_FILE = "Starwars Api/Info.plist";
				LD_RUNPATH_SEARCH_PATHS = "$(inherited) @executable_path/Frameworks";
				PRODUCT_BUNDLE_IDENTIFIER = "com.example..Starwars-Api";
				PRODUCT_NAME = "$(TARGET_NAME)";
			};
			name = Release;
		};
/* End XCBuildConfiguration section */

/* Begin XCConfigurationList section */
		CCE638A21D09BD66007E97EC /* Build configuration list for PBXProject "Starwars Api" */ = {
			isa = XCConfigurationList;
			buildConfigurations = (
				CCE638B71D09BD66007E97EC /* Debug */,
				CCE638B81D09BD66007E97EC /* Release */,
			);
			defaultConfigurationIsVisible = 0;
			defaultConfigurationName = Release;
		};
		CCE638B91D09BD66007E97EC /* Build configuration list for PBXNativeTarget "Starwars Api" */ = {
			isa = XCConfigurationList;
			buildConfigurations = (
				CCE638BA1D09BD66007E97EC /* Debug */,
				CCE638BB1D09BD66007E97EC /* Release */,
			);
			defaultConfigurationIsVisible = 0;
		};
/* End XCConfigurationList section */
	};
	rootObject = CCE6389F1D09BD66007E97EC /* Project object */;
}
